// !$*UTF8*$!
{
	archiveVersion = 1;
	classes = {
	};
	objectVersion = 46;
	objects = {

/* Begin PBXBuildFile section */
		F9983AE71D76159300D6B293 /* main.m in Sources */ = {isa = PBXBuildFile; fileRef = F9983AE61D76159300D6B293 /* main.m */; };
		F9983AEA1D76159300D6B293 /* AppDelegate.m in Sources */ = {isa = PBXBuildFile; fileRef = F9983AE91D76159300D6B293 /* AppDelegate.m */; };
		F9983AF01D76159300D6B293 /* Main.storyboard in Resources */ = {isa = PBXBuildFile; fileRef = F9983AEE1D76159300D6B293 /* Main.storyboard */; };
		F9983AF21D76159300D6B293 /* Assets.xcassets in Resources */ = {isa = PBXBuildFile; fileRef = F9983AF11D76159300D6B293 /* Assets.xcassets */; };
		F9983AF51D76159300D6B293 /* LaunchScreen.storyboard in Resources */ = {isa = PBXBuildFile; fileRef = F9983AF31D76159300D6B293 /* LaunchScreen.storyboard */; };
		F9983AFE1D76175300D6B293 /* LeftViewController.m in Sources */ = {isa = PBXBuildFile; fileRef = F9983AFD1D76175300D6B293 /* LeftViewController.m */; };
		F9983B011D7617C300D6B293 /* RightViewController.m in Sources */ = {isa = PBXBuildFile; fileRef = F9983B001D7617C300D6B293 /* RightViewController.m */; };
		F9983B041D7618A100D6B293 /* Monster.m in Sources */ = {isa = PBXBuildFile; fileRef = F9983B031D7618A100D6B293 /* Monster.m */; };
		F9983B121D7619B800D6B293 /* blowgun.png in Resources */ = {isa = PBXBuildFile; fileRef = F9983B071D7619B800D6B293 /* blowgun.png */; };
		F9983B131D7619B800D6B293 /* fire.png in Resources */ = {isa = PBXBuildFile; fileRef = F9983B081D7619B800D6B293 /* fire.png */; };
		F9983B141D7619B800D6B293 /* meetcatbot.png in Resources */ = {isa = PBXBuildFile; fileRef = F9983B091D7619B800D6B293 /* meetcatbot.png */; };
		F9983B151D7619B800D6B293 /* meetdogbot.png in Resources */ = {isa = PBXBuildFile; fileRef = F9983B0A1D7619B800D6B293 /* meetdogbot.png */; };
		F9983B161D7619B800D6B293 /* meetexplodebot.png in Resources */ = {isa = PBXBuildFile; fileRef = F9983B0B1D7619B800D6B293 /* meetexplodebot.png */; };
		F9983B171D7619B800D6B293 /* meetfirebot.png in Resources */ = {isa = PBXBuildFile; fileRef = F9983B0C1D7619B800D6B293 /* meetfirebot.png */; };
		F9983B181D7619B800D6B293 /* meeticebot.png in Resources */ = {isa = PBXBuildFile; fileRef = F9983B0D1D7619B800D6B293 /* meeticebot.png */; };
		F9983B191D7619B800D6B293 /* meetminitomatobot.png in Resources */ = {isa = PBXBuildFile; fileRef = F9983B0E1D7619B800D6B293 /* meetminitomatobot.png */; };
		F9983B1A1D7619B800D6B293 /* ninjastar.png in Resources */ = {isa = PBXBuildFile; fileRef = F9983B0F1D7619B800D6B293 /* ninjastar.png */; };
		F9983B1B1D7619B800D6B293 /* smoke.png in Resources */ = {isa = PBXBuildFile; fileRef = F9983B101D7619B800D6B293 /* smoke.png */; };
		F9983B1C1D7619B800D6B293 /* sword.png in Resources */ = {isa = PBXBuildFile; fileRef = F9983B111D7619B800D6B293 /* sword.png */; };
		F9983B1F1D77636700D6B293 /* ColorPickerViewController.m in Sources */ = {isa = PBXBuildFile; fileRef = F9983B1E1D77636700D6B293 /* ColorPickerViewController.m */; };
		F9983B221D78D5BC00D6B293 /* Weapon.m in Sources */ = {isa = PBXBuildFile; fileRef = F9983B211D78D5BC00D6B293 /* Weapon.m */; };
		F9983B261D7DC4AF00D6B293 /* WeaponInputViewController.m in Sources */ = {isa = PBXBuildFile; fileRef = F9983B241D7DC4AF00D6B293 /* WeaponInputViewController.m */; };
		F9983B271D7DC4AF00D6B293 /* WeaponInputViewController.xib in Resources */ = {isa = PBXBuildFile; fileRef = F9983B251D7DC4AF00D6B293 /* WeaponInputViewController.xib */; };
		F9983B2A1D7DCA4300D6B293 /* WeaponSelectorImageView.m in Sources */ = {isa = PBXBuildFile; fileRef = F9983B291D7DCA4300D6B293 /* WeaponSelectorImageView.m */; };
/* End PBXBuildFile section */

/* Begin PBXFileReference section */
		F9983AE21D76159300D6B293 /* SplitView.app */ = {isa = PBXFileReference; explicitFileType = wrapper.application; includeInIndex = 0; path = SplitView.app; sourceTree = BUILT_PRODUCTS_DIR; };
		F9983AE61D76159300D6B293 /* main.m */ = {isa = PBXFileReference; lastKnownFileType = sourcecode.c.objc; path = main.m; sourceTree = "<group>"; };
		F9983AE81D76159300D6B293 /* AppDelegate.h */ = {isa = PBXFileReference; lastKnownFileType = sourcecode.c.h; path = AppDelegate.h; sourceTree = "<group>"; };
		F9983AE91D76159300D6B293 /* AppDelegate.m */ = {isa = PBXFileReference; lastKnownFileType = sourcecode.c.objc; path = AppDelegate.m; sourceTree = "<group>"; };
		F9983AEF1D76159300D6B293 /* Base */ = {isa = PBXFileReference; lastKnownFileType = file.storyboard; name = Base; path = Base.lproj/Main.storyboard; sourceTree = "<group>"; };
		F9983AF11D76159300D6B293 /* Assets.xcassets */ = {isa = PBXFileReference; lastKnownFileType = folder.assetcatalog; path = Assets.xcassets; sourceTree = "<group>"; };
		F9983AF41D76159300D6B293 /* Base */ = {isa = PBXFileReference; lastKnownFileType = file.storyboard; name = Base; path = Base.lproj/LaunchScreen.storyboard; sourceTree = "<group>"; };
		F9983AF61D76159300D6B293 /* Info.plist */ = {isa = PBXFileReference; lastKnownFileType = text.plist.xml; path = Info.plist; sourceTree = "<group>"; };
		F9983AFC1D76175300D6B293 /* LeftViewController.h */ = {isa = PBXFileReference; fileEncoding = 4; lastKnownFileType = sourcecode.c.h; name = LeftViewController.h; path = ../LeftViewController.h; sourceTree = "<group>"; };
		F9983AFD1D76175300D6B293 /* LeftViewController.m */ = {isa = PBXFileReference; fileEncoding = 4; lastKnownFileType = sourcecode.c.objc; name = LeftViewController.m; path = ../LeftViewController.m; sourceTree = "<group>"; };
		F9983AFF1D7617C300D6B293 /* RightViewController.h */ = {isa = PBXFileReference; fileEncoding = 4; lastKnownFileType = sourcecode.c.h; path = RightViewController.h; sourceTree = "<group>"; };
		F9983B001D7617C300D6B293 /* RightViewController.m */ = {isa = PBXFileReference; fileEncoding = 4; lastKnownFileType = sourcecode.c.objc; path = RightViewController.m; sourceTree = "<group>"; };
		F9983B021D7618A100D6B293 /* Monster.h */ = {isa = PBXFileReference; fileEncoding = 4; lastKnownFileType = sourcecode.c.h; path = Monster.h; sourceTree = "<group>"; };
		F9983B031D7618A100D6B293 /* Monster.m */ = {isa = PBXFileReference; fileEncoding = 4; lastKnownFileType = sourcecode.c.objc; path = Monster.m; sourceTree = "<group>"; };
		F9983B071D7619B800D6B293 /* blowgun.png */ = {isa = PBXFileReference; lastKnownFileType = image.png; path = blowgun.png; sourceTree = "<group>"; };
		F9983B081D7619B800D6B293 /* fire.png */ = {isa = PBXFileReference; lastKnownFileType = image.png; path = fire.png; sourceTree = "<group>"; };
		F9983B091D7619B800D6B293 /* meetcatbot.png */ = {isa = PBXFileReference; lastKnownFileType = image.png; path = meetcatbot.png; sourceTree = "<group>"; };
		F9983B0A1D7619B800D6B293 /* meetdogbot.png */ = {isa = PBXFileReference; lastKnownFileType = image.png; path = meetdogbot.png; sourceTree = "<group>"; };
		F9983B0B1D7619B800D6B293 /* meetexplodebot.png */ = {isa = PBXFileReference; lastKnownFileType = image.png; path = meetexplodebot.png; sourceTree = "<group>"; };
		F9983B0C1D7619B800D6B293 /* meetfirebot.png */ = {isa = PBXFileReference; lastKnownFileType = image.png; path = meetfirebot.png; sourceTree = "<group>"; };
		F9983B0D1D7619B800D6B293 /* meeticebot.png */ = {isa = PBXFileReference; lastKnownFileType = image.png; path = meeticebot.png; sourceTree = "<group>"; };
		F9983B0E1D7619B800D6B293 /* meetminitomatobot.png */ = {isa = PBXFileReference; lastKnownFileType = image.png; path = meetminitomatobot.png; sourceTree = "<group>"; };
		F9983B0F1D7619B800D6B293 /* ninjastar.png */ = {isa = PBXFileReference; lastKnownFileType = image.png; path = ninjastar.png; sourceTree = "<group>"; };
		F9983B101D7619B800D6B293 /* smoke.png */ = {isa = PBXFileReference; lastKnownFileType = image.png; path = smoke.png; sourceTree = "<group>"; };
		F9983B111D7619B800D6B293 /* sword.png */ = {isa = PBXFileReference; lastKnownFileType = image.png; path = sword.png; sourceTree = "<group>"; };
		F9983B1D1D77636700D6B293 /* ColorPickerViewController.h */ = {isa = PBXFileReference; fileEncoding = 4; lastKnownFileType = sourcecode.c.h; path = ColorPickerViewController.h; sourceTree = "<group>"; };
		F9983B1E1D77636700D6B293 /* ColorPickerViewController.m */ = {isa = PBXFileReference; fileEncoding = 4; lastKnownFileType = sourcecode.c.objc; path = ColorPickerViewController.m; sourceTree = "<group>"; };
		F9983B201D78D5BC00D6B293 /* Weapon.h */ = {isa = PBXFileReference; fileEncoding = 4; lastKnownFileType = sourcecode.c.h; path = Weapon.h; sourceTree = "<group>"; };
		F9983B211D78D5BC00D6B293 /* Weapon.m */ = {isa = PBXFileReference; fileEncoding = 4; lastKnownFileType = sourcecode.c.objc; path = Weapon.m; sourceTree = "<group>"; };
		F9983B231D7DC4AF00D6B293 /* WeaponInputViewController.h */ = {isa = PBXFileReference; fileEncoding = 4; lastKnownFileType = sourcecode.c.h; path = WeaponInputViewController.h; sourceTree = "<group>"; };
		F9983B241D7DC4AF00D6B293 /* WeaponInputViewController.m */ = {isa = PBXFileReference; fileEncoding = 4; lastKnownFileType = sourcecode.c.objc; path = WeaponInputViewController.m; sourceTree = "<group>"; };
		F9983B251D7DC4AF00D6B293 /* WeaponInputViewController.xib */ = {isa = PBXFileReference; fileEncoding = 4; lastKnownFileType = file.xib; path = WeaponInputViewController.xib; sourceTree = "<group>"; };
		F9983B281D7DCA4300D6B293 /* WeaponSelectorImageView.h */ = {isa = PBXFileReference; fileEncoding = 4; lastKnownFileType = sourcecode.c.h; path = WeaponSelectorImageView.h; sourceTree = "<group>"; };
		F9983B291D7DCA4300D6B293 /* WeaponSelectorImageView.m */ = {isa = PBXFileReference; fileEncoding = 4; lastKnownFileType = sourcecode.c.objc; path = WeaponSelectorImageView.m; sourceTree = "<group>"; };
/* End PBXFileReference section */

/* Begin PBXFrameworksBuildPhase section */
		F9983ADF1D76159300D6B293 /* Frameworks */ = {
			isa = PBXFrameworksBuildPhase;
			buildActionMask = 2147483647;
			files = (
			);
			runOnlyForDeploymentPostprocessing = 0;
		};
/* End PBXFrameworksBuildPhase section */

/* Begin PBXGroup section */
		F9983AD91D76159300D6B293 = {
			isa = PBXGroup;
			children = (
				F9983AE41D76159300D6B293 /* SplitView */,
				F9983AE31D76159300D6B293 /* Products */,
			);
			sourceTree = "<group>";
		};
		F9983AE31D76159300D6B293 /* Products */ = {
			isa = PBXGroup;
			children = (
				F9983AE21D76159300D6B293 /* SplitView.app */,
			);
			name = Products;
			sourceTree = "<group>";
		};
		F9983AE41D76159300D6B293 /* SplitView */ = {
			isa = PBXGroup;
			children = (
				F9983AE81D76159300D6B293 /* AppDelegate.h */,
				F9983AE91D76159300D6B293 /* AppDelegate.m */,
				F9983AFC1D76175300D6B293 /* LeftViewController.h */,
				F9983AFD1D76175300D6B293 /* LeftViewController.m */,
				F9983AFF1D7617C300D6B293 /* RightViewController.h */,
				F9983B001D7617C300D6B293 /* RightViewController.m */,
				F9983B1D1D77636700D6B293 /* ColorPickerViewController.h */,
				F9983B1E1D77636700D6B293 /* ColorPickerViewController.m */,
				F9983B231D7DC4AF00D6B293 /* WeaponInputViewController.h */,
				F9983B241D7DC4AF00D6B293 /* WeaponInputViewController.m */,
				F9983B251D7DC4AF00D6B293 /* WeaponInputViewController.xib */,
				F9983B281D7DCA4300D6B293 /* WeaponSelectorImageView.h */,
				F9983B291D7DCA4300D6B293 /* WeaponSelectorImageView.m */,
				F9983B051D7618A400D6B293 /* Model */,
				F9983AEE1D76159300D6B293 /* Main.storyboard */,
				F9983AF11D76159300D6B293 /* Assets.xcassets */,
				F9983AF31D76159300D6B293 /* LaunchScreen.storyboard */,
				F9983AF61D76159300D6B293 /* Info.plist */,
				F9983B061D7619B800D6B293 /* MonsterArt */,
				F9983AE51D76159300D6B293 /* Supporting Files */,
			);
			path = SplitView;
			sourceTree = "<group>";
		};
		F9983AE51D76159300D6B293 /* Supporting Files */ = {
			isa = PBXGroup;
			children = (
				F9983AE61D76159300D6B293 /* main.m */,
			);
			name = "Supporting Files";
			sourceTree = "<group>";
		};
		F9983B051D7618A400D6B293 /* Model */ = {
			isa = PBXGroup;
			children = (
				F9983B021D7618A100D6B293 /* Monster.h */,
				F9983B031D7618A100D6B293 /* Monster.m */,
				F9983B201D78D5BC00D6B293 /* Weapon.h */,
				F9983B211D78D5BC00D6B293 /* Weapon.m */,
			);
			name = Model;
			sourceTree = "<group>";
		};
		F9983B061D7619B800D6B293 /* MonsterArt */ = {
			isa = PBXGroup;
			children = (
				F9983B071D7619B800D6B293 /* blowgun.png */,
				F9983B081D7619B800D6B293 /* fire.png */,
				F9983B091D7619B800D6B293 /* meetcatbot.png */,
				F9983B0A1D7619B800D6B293 /* meetdogbot.png */,
				F9983B0B1D7619B800D6B293 /* meetexplodebot.png */,
				F9983B0C1D7619B800D6B293 /* meetfirebot.png */,
				F9983B0D1D7619B800D6B293 /* meeticebot.png */,
				F9983B0E1D7619B800D6B293 /* meetminitomatobot.png */,
				F9983B0F1D7619B800D6B293 /* ninjastar.png */,
				F9983B101D7619B800D6B293 /* smoke.png */,
				F9983B111D7619B800D6B293 /* sword.png */,
			);
			path = MonsterArt;
			sourceTree = "<group>";
		};
/* End PBXGroup section */

/* Begin PBXNativeTarget section */
		F9983AE11D76159300D6B293 /* SplitView */ = {
			isa = PBXNativeTarget;
			buildConfigurationList = F9983AF91D76159300D6B293 /* Build configuration list for PBXNativeTarget "SplitView" */;
			buildPhases = (
				F9983ADE1D76159300D6B293 /* Sources */,
				F9983ADF1D76159300D6B293 /* Frameworks */,
				F9983AE01D76159300D6B293 /* Resources */,
			);
			buildRules = (
			);
			dependencies = (
			);
			name = SplitView;
			productName = SplitView;
			productReference = F9983AE21D76159300D6B293 /* SplitView.app */;
			productType = "com.apple.product-type.application";
		};
/* End PBXNativeTarget section */

/* Begin PBXProject section */
		F9983ADA1D76159300D6B293 /* Project object */ = {
			isa = PBXProject;
			attributes = {
				LastUpgradeCheck = 0730;
				ORGANIZATIONNAME = MatheusFusco;
				TargetAttributes = {
					F9983AE11D76159300D6B293 = {
						CreatedOnToolsVersion = 7.3.1;
					};
				};
			};
			buildConfigurationList = F9983ADD1D76159300D6B293 /* Build configuration list for PBXProject "SplitView" */;
			compatibilityVersion = "Xcode 3.2";
			developmentRegion = English;
			hasScannedForEncodings = 0;
			knownRegions = (
				en,
				Base,
			);
			mainGroup = F9983AD91D76159300D6B293;
			productRefGroup = F9983AE31D76159300D6B293 /* Products */;
			projectDirPath = "";
			projectRoot = "";
			targets = (
				F9983AE11D76159300D6B293 /* SplitView */,
			);
		};
/* End PBXProject section */

/* Begin PBXResourcesBuildPhase section */
		F9983AE01D76159300D6B293 /* Resources */ = {
			isa = PBXResourcesBuildPhase;
			buildActionMask = 2147483647;
			files = (
				F9983B121D7619B800D6B293 /* blowgun.png in Resources */,
				F9983B131D7619B800D6B293 /* fire.png in Resources */,
				F9983B181D7619B800D6B293 /* meeticebot.png in Resources */,
				F9983B1C1D7619B800D6B293 /* sword.png in Resources */,
				F9983B271D7DC4AF00D6B293 /* WeaponInputViewController.xib in Resources */,
				F9983AF51D76159300D6B293 /* LaunchScreen.storyboard in Resources */,
				F9983B171D7619B800D6B293 /* meetfirebot.png in Resources */,
				F9983AF21D76159300D6B293 /* Assets.xcassets in Resources */,
				F9983B151D7619B800D6B293 /* meetdogbot.png in Resources */,
				F9983AF01D76159300D6B293 /* Main.storyboard in Resources */,
				F9983B161D7619B800D6B293 /* meetexplodebot.png in Resources */,
				F9983B1B1D7619B800D6B293 /* smoke.png in Resources */,
				F9983B191D7619B800D6B293 /* meetminitomatobot.png in Resources */,
				F9983B1A1D7619B800D6B293 /* ninjastar.png in Resources */,
				F9983B141D7619B800D6B293 /* meetcatbot.png in Resources */,
			);
			runOnlyForDeploymentPostprocessing = 0;
		};
/* End PBXResourcesBuildPhase section */

/* Begin PBXSourcesBuildPhase section */
		F9983ADE1D76159300D6B293 /* Sources */ = {
			isa = PBXSourcesBuildPhase;
			buildActionMask = 2147483647;
			files = (
				F9983B221D78D5BC00D6B293 /* Weapon.m in Sources */,
				F9983AFE1D76175300D6B293 /* LeftViewController.m in Sources */,
				F9983B041D7618A100D6B293 /* Monster.m in Sources */,
				F9983B2A1D7DCA4300D6B293 /* WeaponSelectorImageView.m in Sources */,
				F9983B011D7617C300D6B293 /* RightViewController.m in Sources */,
				F9983AEA1D76159300D6B293 /* AppDelegate.m in Sources */,
				F9983B1F1D77636700D6B293 /* ColorPickerViewController.m in Sources */,
				F9983AE71D76159300D6B293 /* main.m in Sources */,
				F9983B261D7DC4AF00D6B293 /* WeaponInputViewController.m in Sources */,
			);
			runOnlyForDeploymentPostprocessing = 0;
		};
/* End PBXSourcesBuildPhase section */

/* Begin PBXVariantGroup section */
		F9983AEE1D76159300D6B293 /* Main.storyboard */ = {
			isa = PBXVariantGroup;
			children = (
				F9983AEF1D76159300D6B293 /* Base */,
			);
			name = Main.storyboard;
			sourceTree = "<group>";
		};
		F9983AF31D76159300D6B293 /* LaunchScreen.storyboard */ = {
			isa = PBXVariantGroup;
			children = (
				F9983AF41D76159300D6B293 /* Base */,
			);
			name = LaunchScreen.storyboard;
			sourceTree = "<group>";
		};
/* End PBXVariantGroup section */

/* Begin XCBuildConfiguration section */
		F9983AF71D76159300D6B293 /* Debug */ = {
			isa = XCBuildConfiguration;
			buildSettings = {
				ALWAYS_SEARCH_USER_PATHS = NO;
				CLANG_ANALYZER_NONNULL = YES;
				CLANG_CXX_LANGUAGE_STANDARD = "gnu++0x";
				CLANG_CXX_LIBRARY = "libc++";
				CLANG_ENABLE_MODULES = YES;
				CLANG_ENABLE_OBJC_ARC = YES;
				CLANG_WARN_BOOL_CONVERSION = YES;
				CLANG_WARN_CONSTANT_CONVERSION = YES;
				CLANG_WARN_DIRECT_OBJC_ISA_USAGE = YES_ERROR;
				CLANG_WARN_EMPTY_BODY = YES;
				CLANG_WARN_ENUM_CONVERSION = YES;
				CLANG_WARN_INT_CONVERSION = YES;
				CLANG_WARN_OBJC_ROOT_CLASS = YES_ERROR;
				CLANG_WARN_UNREACHABLE_CODE = YES;
				CLANG_WARN__DUPLICATE_METHOD_MATCH = YES;
				"CODE_SIGN_IDENTITY[sdk=iphoneos*]" = "iPhone Developer";
				COPY_PHASE_STRIP = NO;
				DEBUG_INFORMATION_FORMAT = dwarf;
				ENABLE_STRICT_OBJC_MSGSEND = YES;
				ENABLE_TESTABILITY = YES;
				GCC_C_LANGUAGE_STANDARD = gnu99;
				GCC_DYNAMIC_NO_PIC = NO;
				GCC_NO_COMMON_BLOCKS = YES;
				GCC_OPTIMIZATION_LEVEL = 0;
				GCC_PREPROCESSOR_DEFINITIONS = (
					"DEBUG=1",
					"$(inherited)",
				);
				GCC_WARN_64_TO_32_BIT_CONVERSION = YES;
				GCC_WARN_ABOUT_RETURN_TYPE = YES_ERROR;
				GCC_WARN_UNDECLARED_SELECTOR = YES;
				GCC_WARN_UNINITIALIZED_AUTOS = YES_AGGRESSIVE;
				GCC_WARN_UNUSED_FUNCTION = YES;
				GCC_WARN_UNUSED_VARIABLE = YES;
				IPHONEOS_DEPLOYMENT_TARGET = 9.3;
				MTL_ENABLE_DEBUG_INFO = YES;
				ONLY_ACTIVE_ARCH = YES;
				SDKROOT = iphoneos;
				TARGETED_DEVICE_FAMILY = 2;
			};
			name = Debug;
		};
		F9983AF81D76159300D6B293 /* Release */ = {
			isa = XCBuildConfiguration;
			buildSettings = {
				ALWAYS_SEARCH_USER_PATHS = NO;
				CLANG_ANALYZER_NONNULL = YES;
				CLANG_CXX_LANGUAGE_STANDARD = "gnu++0x";
				CLANG_CXX_LIBRARY = "libc++";
				CLANG_ENABLE_MODULES = YES;
				CLANG_ENABLE_OBJC_ARC = YES;
				CLANG_WARN_BOOL_CONVERSION = YES;
				CLANG_WARN_CONSTANT_CONVERSION = YES;
				CLANG_WARN_DIRECT_OBJC_ISA_USAGE = YES_ERROR;
				CLANG_WARN_EMPTY_BODY = YES;
				CLANG_WARN_ENUM_CONVERSION = YES;
				CLANG_WARN_INT_CONVERSION = YES;
				CLANG_WARN_OBJC_ROOT_CLASS = YES_ERROR;
				CLANG_WARN_UNREACHABLE_CODE = YES;
				CLANG_WARN__DUPLICATE_METHOD_MATCH = YES;
				"CODE_SIGN_IDENTITY[sdk=iphoneos*]" = "iPhone Developer";
				COPY_PHASE_STRIP = NO;
				DEBUG_INFORMATION_FORMAT = "dwarf-with-dsym";
				ENABLE_NS_ASSERTIONS = NO;
				ENABLE_STRICT_OBJC_MSGSEND = YES;
				GCC_C_LANGUAGE_STANDARD = gnu99;
				GCC_NO_COMMON_BLOCKS = YES;
				GCC_WARN_64_TO_32_BIT_CONVERSION = YES;
				GCC_WARN_ABOUT_RETURN_TYPE = YES_ERROR;
				GCC_WARN_UNDECLARED_SELECTOR = YES;
				GCC_WARN_UNINITIALIZED_AUTOS = YES_AGGRESSIVE;
				GCC_WARN_UNUSED_FUNCTION = YES;
				GCC_WARN_UNUSED_VARIABLE = YES;
				IPHONEOS_DEPLOYMENT_TARGET = 9.3;
				MTL_ENABLE_DEBUG_INFO = NO;
				SDKROOT = iphoneos;
				TARGETED_DEVICE_FAMILY = 2;
				VALIDATE_PRODUCT = YES;
			};
			name = Release;
		};
		F9983AFA1D76159300D6B293 /* Debug */ = {
			isa = XCBuildConfiguration;
			buildSettings = {
				ASSETCATALOG_COMPILER_APPICON_NAME = AppIcon;
				INFOPLIST_FILE = SplitView/Info.plist;
				IPHONEOS_DEPLOYMENT_TARGET = 9.3;
				LD_RUNPATH_SEARCH_PATHS = "$(inherited) @executable_path/Frameworks";
				OTHER_LDFLAGS = "";
				PRODUCT_BUNDLE_IDENTIFIER = com.MatheusFusco.SplitView;
				PRODUCT_NAME = "$(TARGET_NAME)";
			};
			name = Debug;
		};
		F9983AFB1D76159300D6B293 /* Release */ = {
			isa = XCBuildConfiguration;
			buildSettings = {
				ASSETCATALOG_COMPILER_APPICON_NAME = AppIcon;
				INFOPLIST_FILE = SplitView/Info.plist;
				IPHONEOS_DEPLOYMENT_TARGET = 9.3;
				LD_RUNPATH_SEARCH_PATHS = "$(inherited) @executable_path/Frameworks";
				OTHER_LDFLAGS = "";
				PRODUCT_BUNDLE_IDENTIFIER = com.MatheusFusco.SplitView;
				PRODUCT_NAME = "$(TARGET_NAME)";
			};
			name = Release;
		};
/* End XCBuildConfiguration section */

/* Begin XCConfigurationList section */
		F9983ADD1D76159300D6B293 /* Build configuration list for PBXProject "SplitView" */ = {
			isa = XCConfigurationList;
			buildConfigurations = (
				F9983AF71D76159300D6B293 /* Debug */,
				F9983AF81D76159300D6B293 /* Release */,
			);
			defaultConfigurationIsVisible = 0;
			defaultConfigurationName = Release;
		};
		F9983AF91D76159300D6B293 /* Build configuration list for PBXNativeTarget "SplitView" */ = {
			isa = XCConfigurationList;
			buildConfigurations = (
				F9983AFA1D76159300D6B293 /* Debug */,
				F9983AFB1D76159300D6B293 /* Release */,
			);
			defaultConfigurationIsVisible = 0;
		};
/* End XCConfigurationList section */
	};
	rootObject = F9983ADA1D76159300D6B293 /* Project object */;
}
